
Microsoft Visual Studio Solution File, Format Version 12.00
# Visual Studio 15
VisualStudioVersion = 15.0.28307.1022
MinimumVisualStudioVersion = 10.0.40219.1
Project("{2150E333-8FDC-42A3-9474-1A3956D46DE8}") = "Sample", "Sample", "{168F3CAC-EEE4-4001-BA33-BB01E1D8289D}"
EndProject
Project("{FAE04EC0-301F-11D3-BF4B-00C04F79EFBC}") = "XamarinFormsStateTriggers", "XamarinFormsStateTriggers\XamarinFormsStateTriggers.csproj", "{00B9DFE6-1339-4C7C-8222-1478DC558826}"
EndProject
Project("{9A19103F-16F7-4668-BE54-9A1E7A4F7556}") = "XamarinFormsStateTriggers.Sample", "XamarinFormsStateTriggers.Sample\XamarinFormsStateTriggers.Sample.csproj", "{999D63B8-79BB-4D53-AE0C-B7E7B1785CCA}"
EndProject
Project("{FAE04EC0-301F-11D3-BF4B-00C04F79EFBC}") = "XamarinFormsStateTriggers.Sample.Android", "XamarinFormsStateTriggers.Sample.Android\XamarinFormsStateTriggers.Sample.Android.csproj", "{695259EA-81CA-46A3-A154-0707CB8EC139}"
EndProject
Project("{FAE04EC0-301F-11D3-BF4B-00C04F79EFBC}") = "XamarinFormsStateTriggers.Sample.iOS", "XamarinFormsStateTriggers.Sample.iOS\XamarinFormsStateTriggers.Sample.iOS.csproj", "{16ACA8C6-4668-400E-89A7-4D5D1B010BC7}"
EndProject
Project("{FAE04EC0-301F-11D3-BF4B-00C04F79EFBC}") = "XamarinFormsStateTriggers.Sample.UWP", "XamarinFormsStateTriggers.Sample.UWP\XamarinFormsStateTriggers.Sample.UWP.csproj", "{0893C563-0FCB-47C8-88A9-3E49A169C74B}"
EndProject
Global
	GlobalSection(SolutionConfigurationPlatforms) = preSolution
		Ad-Hoc|Any CPU = Ad-Hoc|Any CPU
		Ad-Hoc|ARM = Ad-Hoc|ARM
		Ad-Hoc|iPhone = Ad-Hoc|iPhone
		Ad-Hoc|iPhoneSimulator = Ad-Hoc|iPhoneSimulator
		Ad-Hoc|x64 = Ad-Hoc|x64
		Ad-Hoc|x86 = Ad-Hoc|x86
		AppStore|Any CPU = AppStore|Any CPU
		AppStore|ARM = AppStore|ARM
		AppStore|iPhone = AppStore|iPhone
		AppStore|iPhoneSimulator = AppStore|iPhoneSimulator
		AppStore|x64 = AppStore|x64
		AppStore|x86 = AppStore|x86
		Debug|Any CPU = Debug|Any CPU
		Debug|ARM = Debug|ARM
		Debug|iPhone = Debug|iPhone
		Debug|iPhoneSimulator = Debug|iPhoneSimulator
		Debug|x64 = Debug|x64
		Debug|x86 = Debug|x86
		Release|Any CPU = Release|Any CPU
		Release|ARM = Release|ARM
		Release|iPhone = Release|iPhone
		Release|iPhoneSimulator = Release|iPhoneSimulator
		Release|x64 = Release|x64
		Release|x86 = Release|x86
	EndGlobalSection
	GlobalSection(ProjectConfigurationPlatforms) = postSolution
		{00B9DFE6-1339-4C7C-8222-1478DC558826}.Ad-Hoc|Any CPU.ActiveCfg = Debug|Any CPU
		{00B9DFE6-1339-4C7C-8222-1478DC558826}.Ad-Hoc|Any CPU.Build.0 = Debug|Any CPU
		{00B9DFE6-1339-4C7C-8222-1478DC558826}.Ad-Hoc|ARM.ActiveCfg = Debug|Any CPU
		{00B9DFE6-1339-4C7C-8222-1478DC558826}.Ad-Hoc|ARM.Build.0 = Debug|Any CPU
		{00B9DFE6-1339-4C7C-8222-1478DC558826}.Ad-Hoc|iPhone.ActiveCfg = Debug|Any CPU
		{00B9DFE6-1339-4C7C-8222-1478DC558826}.Ad-Hoc|iPhone.Build.0 = Debug|Any CPU
		{00B9DFE6-1339-4C7C-8222-1478DC558826}.Ad-Hoc|iPhoneSimulator.ActiveCfg = Debug|Any CPU
		{00B9DFE6-1339-4C7C-8222-1478DC558826}.Ad-Hoc|iPhoneSimulator.Build.0 = Debug|Any CPU
		{00B9DFE6-1339-4C7C-8222-1478DC558826}.Ad-Hoc|x64.ActiveCfg = Debug|Any CPU
		{00B9DFE6-1339-4C7C-8222-1478DC558826}.Ad-Hoc|x64.Build.0 = Debug|Any CPU
		{00B9DFE6-1339-4C7C-8222-1478DC558826}.Ad-Hoc|x86.ActiveCfg = Debug|Any CPU
		{00B9DFE6-1339-4C7C-8222-1478DC558826}.Ad-Hoc|x86.Build.0 = Debug|Any CPU
		{00B9DFE6-1339-4C7C-8222-1478DC558826}.AppStore|Any CPU.ActiveCfg = Debug|Any CPU
		{00B9DFE6-1339-4C7C-8222-1478DC558826}.AppStore|Any CPU.Build.0 = Debug|Any CPU
		{00B9DFE6-1339-4C7C-8222-1478DC558826}.AppStore|ARM.ActiveCfg = Debug|Any CPU
		{00B9DFE6-1339-4C7C-8222-1478DC558826}.AppStore|ARM.Build.0 = Debug|Any CPU
		{00B9DFE6-1339-4C7C-8222-1478DC558826}.AppStore|iPhone.ActiveCfg = Debug|Any CPU
		{00B9DFE6-1339-4C7C-8222-1478DC558826}.AppStore|iPhone.Build.0 = Debug|Any CPU
		{00B9DFE6-1339-4C7C-8222-1478DC558826}.AppStore|iPhoneSimulator.ActiveCfg = Debug|Any CPU
		{00B9DFE6-1339-4C7C-8222-1478DC558826}.AppStore|iPhoneSimulator.Build.0 = Debug|Any CPU
		{00B9DFE6-1339-4C7C-8222-1478DC558826}.AppStore|x64.ActiveCfg = Debug|Any CPU
		{00B9DFE6-1339-4C7C-8222-1478DC558826}.AppStore|x64.Build.0 = Debug|Any CPU
		{00B9DFE6-1339-4C7C-8222-1478DC558826}.AppStore|x86.ActiveCfg = Debug|Any CPU
		{00B9DFE6-1339-4C7C-8222-1478DC558826}.AppStore|x86.Build.0 = Debug|Any CPU
		{00B9DFE6-1339-4C7C-8222-1478DC558826}.Debug|Any CPU.ActiveCfg = Debug|Any CPU
		{00B9DFE6-1339-4C7C-8222-1478DC558826}.Debug|Any CPU.Build.0 = Debug|Any CPU
		{00B9DFE6-1339-4C7C-8222-1478DC558826}.Debug|ARM.ActiveCfg = Debug|Any CPU
		{00B9DFE6-1339-4C7C-8222-1478DC558826}.Debug|ARM.Build.0 = Debug|Any CPU
		{00B9DFE6-1339-4C7C-8222-1478DC558826}.Debug|iPhone.ActiveCfg = Debug|Any CPU
		{00B9DFE6-1339-4C7C-8222-1478DC558826}.Debug|iPhone.Build.0 = Debug|Any CPU
		{00B9DFE6-1339-4C7C-8222-1478DC558826}.Debug|iPhoneSimulator.ActiveCfg = Debug|Any CPU
		{00B9DFE6-1339-4C7C-8222-1478DC558826}.Debug|iPhoneSimulator.Build.0 = Debug|Any CPU
		{00B9DFE6-1339-4C7C-8222-1478DC558826}.Debug|x64.ActiveCfg = Debug|Any CPU
		{00B9DFE6-1339-4C7C-8222-1478DC558826}.Debug|x64.Build.0 = Debug|Any CPU
		{00B9DFE6-1339-4C7C-8222-1478DC558826}.Debug|x86.ActiveCfg = Debug|Any CPU
		{00B9DFE6-1339-4C7C-8222-1478DC558826}.Debug|x86.Build.0 = Debug|Any CPU
		{00B9DFE6-1339-4C7C-8222-1478DC558826}.Release|Any CPU.ActiveCfg = Release|Any CPU
		{00B9DFE6-1339-4C7C-8222-1478DC558826}.Release|Any CPU.Build.0 = Release|Any CPU
		{00B9DFE6-1339-4C7C-8222-1478DC558826}.Release|ARM.ActiveCfg = Release|Any CPU
		{00B9DFE6-1339-4C7C-8222-1478DC558826}.Release|ARM.Build.0 = Release|Any CPU
		{00B9DFE6-1339-4C7C-8222-1478DC558826}.Release|iPhone.ActiveCfg = Release|Any CPU
		{00B9DFE6-1339-4C7C-8222-1478DC558826}.Release|iPhone.Build.0 = Release|Any CPU
		{00B9DFE6-1339-4C7C-8222-1478DC558826}.Release|iPhoneSimulator.ActiveCfg = Release|Any CPU
		{00B9DFE6-1339-4C7C-8222-1478DC558826}.Release|iPhoneSimulator.Build.0 = Release|Any CPU
		{00B9DFE6-1339-4C7C-8222-1478DC558826}.Release|x64.ActiveCfg = Release|Any CPU
		{00B9DFE6-1339-4C7C-8222-1478DC558826}.Release|x64.Build.0 = Release|Any CPU
		{00B9DFE6-1339-4C7C-8222-1478DC558826}.Release|x86.ActiveCfg = Release|Any CPU
		{00B9DFE6-1339-4C7C-8222-1478DC558826}.Release|x86.Build.0 = Release|Any CPU
		{999D63B8-79BB-4D53-AE0C-B7E7B1785CCA}.Ad-Hoc|Any CPU.ActiveCfg = Debug|Any CPU
		{999D63B8-79BB-4D53-AE0C-B7E7B1785CCA}.Ad-Hoc|Any CPU.Build.0 = Debug|Any CPU
		{999D63B8-79BB-4D53-AE0C-B7E7B1785CCA}.Ad-Hoc|ARM.ActiveCfg = Debug|Any CPU
		{999D63B8-79BB-4D53-AE0C-B7E7B1785CCA}.Ad-Hoc|ARM.Build.0 = Debug|Any CPU
		{999D63B8-79BB-4D53-AE0C-B7E7B1785CCA}.Ad-Hoc|iPhone.ActiveCfg = Debug|Any CPU
		{999D63B8-79BB-4D53-AE0C-B7E7B1785CCA}.Ad-Hoc|iPhone.Build.0 = Debug|Any CPU
		{999D63B8-79BB-4D53-AE0C-B7E7B1785CCA}.Ad-Hoc|iPhoneSimulator.ActiveCfg = Debug|Any CPU
		{999D63B8-79BB-4D53-AE0C-B7E7B1785CCA}.Ad-Hoc|iPhoneSimulator.Build.0 = Debug|Any CPU
		{999D63B8-79BB-4D53-AE0C-B7E7B1785CCA}.Ad-Hoc|x64.ActiveCfg = Debug|Any CPU
		{999D63B8-79BB-4D53-AE0C-B7E7B1785CCA}.Ad-Hoc|x64.Build.0 = Debug|Any CPU
		{999D63B8-79BB-4D53-AE0C-B7E7B1785CCA}.Ad-Hoc|x86.ActiveCfg = Debug|Any CPU
		{999D63B8-79BB-4D53-AE0C-B7E7B1785CCA}.Ad-Hoc|x86.Build.0 = Debug|Any CPU
		{999D63B8-79BB-4D53-AE0C-B7E7B1785CCA}.AppStore|Any CPU.ActiveCfg = Debug|Any CPU
		{999D63B8-79BB-4D53-AE0C-B7E7B1785CCA}.AppStore|Any CPU.Build.0 = Debug|Any CPU
		{999D63B8-79BB-4D53-AE0C-B7E7B1785CCA}.AppStore|ARM.ActiveCfg = Debug|Any CPU
		{999D63B8-79BB-4D53-AE0C-B7E7B1785CCA}.AppStore|ARM.Build.0 = Debug|Any CPU
		{999D63B8-79BB-4D53-AE0C-B7E7B1785CCA}.AppStore|iPhone.ActiveCfg = Debug|Any CPU
		{999D63B8-79BB-4D53-AE0C-B7E7B1785CCA}.AppStore|iPhone.Build.0 = Debug|Any CPU
		{999D63B8-79BB-4D53-AE0C-B7E7B1785CCA}.AppStore|iPhoneSimulator.ActiveCfg = Debug|Any CPU
		{999D63B8-79BB-4D53-AE0C-B7E7B1785CCA}.AppStore|iPhoneSimulator.Build.0 = Debug|Any CPU
		{999D63B8-79BB-4D53-AE0C-B7E7B1785CCA}.AppStore|x64.ActiveCfg = Debug|Any CPU
		{999D63B8-79BB-4D53-AE0C-B7E7B1785CCA}.AppStore|x64.Build.0 = Debug|Any CPU
		{999D63B8-79BB-4D53-AE0C-B7E7B1785CCA}.AppStore|x86.ActiveCfg = Debug|Any CPU
		{999D63B8-79BB-4D53-AE0C-B7E7B1785CCA}.AppStore|x86.Build.0 = Debug|Any CPU
		{999D63B8-79BB-4D53-AE0C-B7E7B1785CCA}.Debug|Any CPU.ActiveCfg = Debug|Any CPU
		{999D63B8-79BB-4D53-AE0C-B7E7B1785CCA}.Debug|Any CPU.Build.0 = Debug|Any CPU
		{999D63B8-79BB-4D53-AE0C-B7E7B1785CCA}.Debug|ARM.ActiveCfg = Debug|Any CPU
		{999D63B8-79BB-4D53-AE0C-B7E7B1785CCA}.Debug|ARM.Build.0 = Debug|Any CPU
		{999D63B8-79BB-4D53-AE0C-B7E7B1785CCA}.Debug|iPhone.ActiveCfg = Debug|Any CPU
		{999D63B8-79BB-4D53-AE0C-B7E7B1785CCA}.Debug|iPhone.Build.0 = Debug|Any CPU
		{999D63B8-79BB-4D53-AE0C-B7E7B1785CCA}.Debug|iPhoneSimulator.ActiveCfg = Debug|Any CPU
		{999D63B8-79BB-4D53-AE0C-B7E7B1785CCA}.Debug|iPhoneSimulator.Build.0 = Debug|Any CPU
		{999D63B8-79BB-4D53-AE0C-B7E7B1785CCA}.Debug|x64.ActiveCfg = Debug|Any CPU
		{999D63B8-79BB-4D53-AE0C-B7E7B1785CCA}.Debug|x64.Build.0 = Debug|Any CPU
		{999D63B8-79BB-4D53-AE0C-B7E7B1785CCA}.Debug|x86.ActiveCfg = Debug|Any CPU
		{999D63B8-79BB-4D53-AE0C-B7E7B1785CCA}.Debug|x86.Build.0 = Debug|Any CPU
		{999D63B8-79BB-4D53-AE0C-B7E7B1785CCA}.Release|Any CPU.ActiveCfg = Release|Any CPU
		{999D63B8-79BB-4D53-AE0C-B7E7B1785CCA}.Release|Any CPU.Build.0 = Release|Any CPU
		{999D63B8-79BB-4D53-AE0C-B7E7B1785CCA}.Release|ARM.ActiveCfg = Release|Any CPU
		{999D63B8-79BB-4D53-AE0C-B7E7B1785CCA}.Release|ARM.Build.0 = Release|Any CPU
		{999D63B8-79BB-4D53-AE0C-B7E7B1785CCA}.Release|iPhone.ActiveCfg = Release|Any CPU
		{999D63B8-79BB-4D53-AE0C-B7E7B1785CCA}.Release|iPhone.Build.0 = Release|Any CPU
		{999D63B8-79BB-4D53-AE0C-B7E7B1785CCA}.Release|iPhoneSimulator.ActiveCfg = Release|Any CPU
		{999D63B8-79BB-4D53-AE0C-B7E7B1785CCA}.Release|iPhoneSimulator.Build.0 = Release|Any CPU
		{999D63B8-79BB-4D53-AE0C-B7E7B1785CCA}.Release|x64.ActiveCfg = Release|Any CPU
		{999D63B8-79BB-4D53-AE0C-B7E7B1785CCA}.Release|x64.Build.0 = Release|Any CPU
		{999D63B8-79BB-4D53-AE0C-B7E7B1785CCA}.Release|x86.ActiveCfg = Release|Any CPU
		{999D63B8-79BB-4D53-AE0C-B7E7B1785CCA}.Release|x86.Build.0 = Release|Any CPU
		{695259EA-81CA-46A3-A154-0707CB8EC139}.Ad-Hoc|Any CPU.ActiveCfg = Release|Any CPU
		{695259EA-81CA-46A3-A154-0707CB8EC139}.Ad-Hoc|Any CPU.Build.0 = Release|Any CPU
		{695259EA-81CA-46A3-A154-0707CB8EC139}.Ad-Hoc|Any CPU.Deploy.0 = Release|Any CPU
		{695259EA-81CA-46A3-A154-0707CB8EC139}.Ad-Hoc|ARM.ActiveCfg = Release|Any CPU
		{695259EA-81CA-46A3-A154-0707CB8EC139}.Ad-Hoc|ARM.Build.0 = Release|Any CPU
		{695259EA-81CA-46A3-A154-0707CB8EC139}.Ad-Hoc|ARM.Deploy.0 = Release|Any CPU
		{695259EA-81CA-46A3-A154-0707CB8EC139}.Ad-Hoc|iPhone.ActiveCfg = Release|Any CPU
		{695259EA-81CA-46A3-A154-0707CB8EC139}.Ad-Hoc|iPhone.Build.0 = Release|Any CPU
		{695259EA-81CA-46A3-A154-0707CB8EC139}.Ad-Hoc|iPhone.Deploy.0 = Release|Any CPU
		{695259EA-81CA-46A3-A154-0707CB8EC139}.Ad-Hoc|iPhoneSimulator.ActiveCfg = Release|Any CPU
		{695259EA-81CA-46A3-A154-0707CB8EC139}.Ad-Hoc|iPhoneSimulator.Build.0 = Release|Any CPU
		{695259EA-81CA-46A3-A154-0707CB8EC139}.Ad-Hoc|iPhoneSimulator.Deploy.0 = Release|Any CPU
		{695259EA-81CA-46A3-A154-0707CB8EC139}.Ad-Hoc|x64.ActiveCfg = Release|Any CPU
		{695259EA-81CA-46A3-A154-0707CB8EC139}.Ad-Hoc|x64.Build.0 = Release|Any CPU
		{695259EA-81CA-46A3-A154-0707CB8EC139}.Ad-Hoc|x64.Deploy.0 = Release|Any CPU
		{695259EA-81CA-46A3-A154-0707CB8EC139}.Ad-Hoc|x86.ActiveCfg = Release|Any CPU
		{695259EA-81CA-46A3-A154-0707CB8EC139}.Ad-Hoc|x86.Build.0 = Release|Any CPU
		{695259EA-81CA-46A3-A154-0707CB8EC139}.Ad-Hoc|x86.Deploy.0 = Release|Any CPU
		{695259EA-81CA-46A3-A154-0707CB8EC139}.AppStore|Any CPU.ActiveCfg = Release|Any CPU
		{695259EA-81CA-46A3-A154-0707CB8EC139}.AppStore|Any CPU.Build.0 = Release|Any CPU
		{695259EA-81CA-46A3-A154-0707CB8EC139}.AppStore|Any CPU.Deploy.0 = Release|Any CPU
		{695259EA-81CA-46A3-A154-0707CB8EC139}.AppStore|ARM.ActiveCfg = Release|Any CPU
		{695259EA-81CA-46A3-A154-0707CB8EC139}.AppStore|ARM.Build.0 = Release|Any CPU
		{695259EA-81CA-46A3-A154-0707CB8EC139}.AppStore|ARM.Deploy.0 = Release|Any CPU
		{695259EA-81CA-46A3-A154-0707CB8EC139}.AppStore|iPhone.ActiveCfg = Release|Any CPU
		{695259EA-81CA-46A3-A154-0707CB8EC139}.AppStore|iPhone.Build.0 = Release|Any CPU
		{695259EA-81CA-46A3-A154-0707CB8EC139}.AppStore|iPhone.Deploy.0 = Release|Any CPU
		{695259EA-81CA-46A3-A154-0707CB8EC139}.AppStore|iPhoneSimulator.ActiveCfg = Release|Any CPU
		{695259EA-81CA-46A3-A154-0707CB8EC139}.AppStore|iPhoneSimulator.Build.0 = Release|Any CPU
		{695259EA-81CA-46A3-A154-0707CB8EC139}.AppStore|iPhoneSimulator.Deploy.0 = Release|Any CPU
		{695259EA-81CA-46A3-A154-0707CB8EC139}.AppStore|x64.ActiveCfg = Release|Any CPU
		{695259EA-81CA-46A3-A154-0707CB8EC139}.AppStore|x64.Build.0 = Release|Any CPU
		{695259EA-81CA-46A3-A154-0707CB8EC139}.AppStore|x64.Deploy.0 = Release|Any CPU
		{695259EA-81CA-46A3-A154-0707CB8EC139}.AppStore|x86.ActiveCfg = Release|Any CPU
		{695259EA-81CA-46A3-A154-0707CB8EC139}.AppStore|x86.Build.0 = Release|Any CPU
		{695259EA-81CA-46A3-A154-0707CB8EC139}.AppStore|x86.Deploy.0 = Release|Any CPU
		{695259EA-81CA-46A3-A154-0707CB8EC139}.Debug|Any CPU.ActiveCfg = Debug|Any CPU
		{695259EA-81CA-46A3-A154-0707CB8EC139}.Debug|Any CPU.Build.0 = Debug|Any CPU
		{695259EA-81CA-46A3-A154-0707CB8EC139}.Debug|Any CPU.Deploy.0 = Debug|Any CPU
		{695259EA-81CA-46A3-A154-0707CB8EC139}.Debug|ARM.ActiveCfg = Debug|Any CPU
		{695259EA-81CA-46A3-A154-0707CB8EC139}.Debug|ARM.Build.0 = Debug|Any CPU
		{695259EA-81CA-46A3-A154-0707CB8EC139}.Debug|ARM.Deploy.0 = Debug|Any CPU
		{695259EA-81CA-46A3-A154-0707CB8EC139}.Debug|iPhone.ActiveCfg = Debug|Any CPU
		{695259EA-81CA-46A3-A154-0707CB8EC139}.Debug|iPhone.Build.0 = Debug|Any CPU
		{695259EA-81CA-46A3-A154-0707CB8EC139}.Debug|iPhone.Deploy.0 = Debug|Any CPU
		{695259EA-81CA-46A3-A154-0707CB8EC139}.Debug|iPhoneSimulator.ActiveCfg = Debug|Any CPU
		{695259EA-81CA-46A3-A154-0707CB8EC139}.Debug|iPhoneSimulator.Build.0 = Debug|Any CPU
		{695259EA-81CA-46A3-A154-0707CB8EC139}.Debug|iPhoneSimulator.Deploy.0 = Debug|Any CPU
		{695259EA-81CA-46A3-A154-0707CB8EC139}.Debug|x64.ActiveCfg = Debug|Any CPU
		{695259EA-81CA-46A3-A154-0707CB8EC139}.Debug|x64.Build.0 = Debug|Any CPU
		{695259EA-81CA-46A3-A154-0707CB8EC139}.Debug|x64.Deploy.0 = Debug|Any CPU
		{695259EA-81CA-46A3-A154-0707CB8EC139}.Debug|x86.ActiveCfg = Debug|Any CPU
		{695259EA-81CA-46A3-A154-0707CB8EC139}.Debug|x86.Build.0 = Debug|Any CPU
		{695259EA-81CA-46A3-A154-0707CB8EC139}.Debug|x86.Deploy.0 = Debug|Any CPU
		{695259EA-81CA-46A3-A154-0707CB8EC139}.Release|Any CPU.ActiveCfg = Release|Any CPU
		{695259EA-81CA-46A3-A154-0707CB8EC139}.Release|Any CPU.Build.0 = Release|Any CPU
		{695259EA-81CA-46A3-A154-0707CB8EC139}.Release|Any CPU.Deploy.0 = Release|Any CPU
		{695259EA-81CA-46A3-A154-0707CB8EC139}.Release|ARM.ActiveCfg = Release|Any CPU
		{695259EA-81CA-46A3-A154-0707CB8EC139}.Release|ARM.Build.0 = Release|Any CPU
		{695259EA-81CA-46A3-A154-0707CB8EC139}.Release|ARM.Deploy.0 = Release|Any CPU
		{695259EA-81CA-46A3-A154-0707CB8EC139}.Release|iPhone.ActiveCfg = Release|Any CPU
		{695259EA-81CA-46A3-A154-0707CB8EC139}.Release|iPhone.Build.0 = Release|Any CPU
		{695259EA-81CA-46A3-A154-0707CB8EC139}.Release|iPhone.Deploy.0 = Release|Any CPU
		{695259EA-81CA-46A3-A154-0707CB8EC139}.Release|iPhoneSimulator.ActiveCfg = Release|Any CPU
		{695259EA-81CA-46A3-A154-0707CB8EC139}.Release|iPhoneSimulator.Build.0 = Release|Any CPU
		{695259EA-81CA-46A3-A154-0707CB8EC139}.Release|iPhoneSimulator.Deploy.0 = Release|Any CPU
		{695259EA-81CA-46A3-A154-0707CB8EC139}.Release|x64.ActiveCfg = Release|Any CPU
		{695259EA-81CA-46A3-A154-0707CB8EC139}.Release|x64.Build.0 = Release|Any CPU
		{695259EA-81CA-46A3-A154-0707CB8EC139}.Release|x64.Deploy.0 = Release|Any CPU
		{695259EA-81CA-46A3-A154-0707CB8EC139}.Release|x86.ActiveCfg = Release|Any CPU
		{695259EA-81CA-46A3-A154-0707CB8EC139}.Release|x86.Build.0 = Release|Any CPU
		{695259EA-81CA-46A3-A154-0707CB8EC139}.Release|x86.Deploy.0 = Release|Any CPU
		{16ACA8C6-4668-400E-89A7-4D5D1B010BC7}.Ad-Hoc|Any CPU.ActiveCfg = Ad-Hoc|iPhone
		{16ACA8C6-4668-400E-89A7-4D5D1B010BC7}.Ad-Hoc|ARM.ActiveCfg = Ad-Hoc|iPhone
		{16ACA8C6-4668-400E-89A7-4D5D1B010BC7}.Ad-Hoc|iPhone.ActiveCfg = Ad-Hoc|iPhone
		{16ACA8C6-4668-400E-89A7-4D5D1B010BC7}.Ad-Hoc|iPhone.Build.0 = Ad-Hoc|iPhone
		{16ACA8C6-4668-400E-89A7-4D5D1B010BC7}.Ad-Hoc|iPhoneSimulator.ActiveCfg = Ad-Hoc|iPhoneSimulator
		{16ACA8C6-4668-400E-89A7-4D5D1B010BC7}.Ad-Hoc|iPhoneSimulator.Build.0 = Ad-Hoc|iPhoneSimulator
		{16ACA8C6-4668-400E-89A7-4D5D1B010BC7}.Ad-Hoc|x64.ActiveCfg = Ad-Hoc|iPhone
		{16ACA8C6-4668-400E-89A7-4D5D1B010BC7}.Ad-Hoc|x86.ActiveCfg = Ad-Hoc|iPhone
		{16ACA8C6-4668-400E-89A7-4D5D1B010BC7}.AppStore|Any CPU.ActiveCfg = AppStore|iPhone
		{16ACA8C6-4668-400E-89A7-4D5D1B010BC7}.AppStore|ARM.ActiveCfg = AppStore|iPhone
		{16ACA8C6-4668-400E-89A7-4D5D1B010BC7}.AppStore|iPhone.ActiveCfg = AppStore|iPhone
		{16ACA8C6-4668-400E-89A7-4D5D1B010BC7}.AppStore|iPhone.Build.0 = AppStore|iPhone
		{16ACA8C6-4668-400E-89A7-4D5D1B010BC7}.AppStore|iPhoneSimulator.ActiveCfg = AppStore|iPhoneSimulator
		{16ACA8C6-4668-400E-89A7-4D5D1B010BC7}.AppStore|iPhoneSimulator.Build.0 = AppStore|iPhoneSimulator
		{16ACA8C6-4668-400E-89A7-4D5D1B010BC7}.AppStore|x64.ActiveCfg = AppStore|iPhone
		{16ACA8C6-4668-400E-89A7-4D5D1B010BC7}.AppStore|x86.ActiveCfg = AppStore|iPhone
		{16ACA8C6-4668-400E-89A7-4D5D1B010BC7}.Debug|Any CPU.ActiveCfg = Debug|iPhone
		{16ACA8C6-4668-400E-89A7-4D5D1B010BC7}.Debug|ARM.ActiveCfg = Debug|iPhone
		{16ACA8C6-4668-400E-89A7-4D5D1B010BC7}.Debug|iPhone.ActiveCfg = Debug|iPhone
		{16ACA8C6-4668-400E-89A7-4D5D1B010BC7}.Debug|iPhone.Build.0 = Debug|iPhone
		{16ACA8C6-4668-400E-89A7-4D5D1B010BC7}.Debug|iPhoneSimulator.ActiveCfg = Debug|iPhoneSimulator
		{16ACA8C6-4668-400E-89A7-4D5D1B010BC7}.Debug|iPhoneSimulator.Build.0 = Debug|iPhoneSimulator
		{16ACA8C6-4668-400E-89A7-4D5D1B010BC7}.Debug|x64.ActiveCfg = Debug|iPhone
		{16ACA8C6-4668-400E-89A7-4D5D1B010BC7}.Debug|x86.ActiveCfg = Debug|iPhone
		{16ACA8C6-4668-400E-89A7-4D5D1B010BC7}.Release|Any CPU.ActiveCfg = Release|iPhone
		{16ACA8C6-4668-400E-89A7-4D5D1B010BC7}.Release|ARM.ActiveCfg = Release|iPhone
		{16ACA8C6-4668-400E-89A7-4D5D1B010BC7}.Release|iPhone.ActiveCfg = Release|iPhone
		{16ACA8C6-4668-400E-89A7-4D5D1B010BC7}.Release|iPhone.Build.0 = Release|iPhone
		{16ACA8C6-4668-400E-89A7-4D5D1B010BC7}.Release|iPhoneSimulator.ActiveCfg = Release|iPhoneSimulator
		{16ACA8C6-4668-400E-89A7-4D5D1B010BC7}.Release|iPhoneSimulator.Build.0 = Release|iPhoneSimulator
		{16ACA8C6-4668-400E-89A7-4D5D1B010BC7}.Release|x64.ActiveCfg = Release|iPhone
		{16ACA8C6-4668-400E-89A7-4D5D1B010BC7}.Release|x86.ActiveCfg = Release|iPhone
		{0893C563-0FCB-47C8-88A9-3E49A169C74B}.Ad-Hoc|Any CPU.ActiveCfg = Release|x86
		{0893C563-0FCB-47C8-88A9-3E49A169C74B}.Ad-Hoc|Any CPU.Build.0 = Release|x86
		{0893C563-0FCB-47C8-88A9-3E49A169C74B}.Ad-Hoc|Any CPU.Deploy.0 = Release|x86
		{0893C563-0FCB-47C8-88A9-3E49A169C74B}.Ad-Hoc|ARM.ActiveCfg = Release|ARM
		{0893C563-0FCB-47C8-88A9-3E49A169C74B}.Ad-Hoc|ARM.Build.0 = Release|ARM
		{0893C563-0FCB-47C8-88A9-3E49A169C74B}.Ad-Hoc|ARM.Deploy.0 = Release|ARM
		{0893C563-0FCB-47C8-88A9-3E49A169C74B}.Ad-Hoc|iPhone.ActiveCfg = Release|x86
		{0893C563-0FCB-47C8-88A9-3E49A169C74B}.Ad-Hoc|iPhone.Build.0 = Release|x86
		{0893C563-0FCB-47C8-88A9-3E49A169C74B}.Ad-Hoc|iPhone.Deploy.0 = Release|x86
		{0893C563-0FCB-47C8-88A9-3E49A169C74B}.Ad-Hoc|iPhoneSimulator.ActiveCfg = Release|x86
		{0893C563-0FCB-47C8-88A9-3E49A169C74B}.Ad-Hoc|iPhoneSimulator.Build.0 = Release|x86
		{0893C563-0FCB-47C8-88A9-3E49A169C74B}.Ad-Hoc|iPhoneSimulator.Deploy.0 = Release|x86
		{0893C563-0FCB-47C8-88A9-3E49A169C74B}.Ad-Hoc|x64.ActiveCfg = Release|x64
		{0893C563-0FCB-47C8-88A9-3E49A169C74B}.Ad-Hoc|x64.Build.0 = Release|x64
		{0893C563-0FCB-47C8-88A9-3E49A169C74B}.Ad-Hoc|x64.Deploy.0 = Release|x64
		{0893C563-0FCB-47C8-88A9-3E49A169C74B}.Ad-Hoc|x86.ActiveCfg = Release|x86
		{0893C563-0FCB-47C8-88A9-3E49A169C74B}.Ad-Hoc|x86.Build.0 = Release|x86
		{0893C563-0FCB-47C8-88A9-3E49A169C74B}.Ad-Hoc|x86.Deploy.0 = Release|x86
		{0893C563-0FCB-47C8-88A9-3E49A169C74B}.AppStore|Any CPU.ActiveCfg = Release|x86
		{0893C563-0FCB-47C8-88A9-3E49A169C74B}.AppStore|Any CPU.Build.0 = Release|x86
		{0893C563-0FCB-47C8-88A9-3E49A169C74B}.AppStore|Any CPU.Deploy.0 = Release|x86
		{0893C563-0FCB-47C8-88A9-3E49A169C74B}.AppStore|ARM.ActiveCfg = Release|ARM
		{0893C563-0FCB-47C8-88A9-3E49A169C74B}.AppStore|ARM.Build.0 = Release|ARM
		{0893C563-0FCB-47C8-88A9-3E49A169C74B}.AppStore|ARM.Deploy.0 = Release|ARM
		{0893C563-0FCB-47C8-88A9-3E49A169C74B}.AppStore|iPhone.ActiveCfg = Release|x86
		{0893C563-0FCB-47C8-88A9-3E49A169C74B}.AppStore|iPhone.Build.0 = Release|x86
		{0893C563-0FCB-47C8-88A9-3E49A169C74B}.AppStore|iPhone.Deploy.0 = Release|x86
		{0893C563-0FCB-47C8-88A9-3E49A169C74B}.AppStore|iPhoneSimulator.ActiveCfg = Release|x86
		{0893C563-0FCB-47C8-88A9-3E49A169C74B}.AppStore|iPhoneSimulator.Build.0 = Release|x86
		{0893C563-0FCB-47C8-88A9-3E49A169C74B}.AppStore|iPhoneSimulator.Deploy.0 = Release|x86
		{0893C563-0FCB-47C8-88A9-3E49A169C74B}.AppStore|x64.ActiveCfg = Release|x64
		{0893C563-0FCB-47C8-88A9-3E49A169C74B}.AppStore|x64.Build.0 = Release|x64
		{0893C563-0FCB-47C8-88A9-3E49A169C74B}.AppStore|x64.Deploy.0 = Release|x64
		{0893C563-0FCB-47C8-88A9-3E49A169C74B}.AppStore|x86.ActiveCfg = Release|x86
		{0893C563-0FCB-47C8-88A9-3E49A169C74B}.AppStore|x86.Build.0 = Release|x86
		{0893C563-0FCB-47C8-88A9-3E49A169C74B}.AppStore|x86.Deploy.0 = Release|x86
		{0893C563-0FCB-47C8-88A9-3E49A169C74B}.Debug|Any CPU.ActiveCfg = Debug|x86
		{0893C563-0FCB-47C8-88A9-3E49A169C74B}.Debug|ARM.ActiveCfg = Debug|ARM
		{0893C563-0FCB-47C8-88A9-3E49A169C74B}.Debug|ARM.Build.0 = Debug|ARM
		{0893C563-0FCB-47C8-88A9-3E49A169C74B}.Debug|ARM.Deploy.0 = Debug|ARM
		{0893C563-0FCB-47C8-88A9-3E49A169C74B}.Debug|iPhone.ActiveCfg = Debug|x86
		{0893C563-0FCB-47C8-88A9-3E49A169C74B}.Debug|iPhoneSimulator.ActiveCfg = Debug|x86
		{0893C563-0FCB-47C8-88A9-3E49A169C74B}.Debug|x64.ActiveCfg = Debug|x64
		{0893C563-0FCB-47C8-88A9-3E49A169C74B}.Debug|x64.Build.0 = Debug|x64
		{0893C563-0FCB-47C8-88A9-3E49A169C74B}.Debug|x64.Deploy.0 = Debug|x64
		{0893C563-0FCB-47C8-88A9-3E49A169C74B}.Debug|x86.ActiveCfg = Debug|x86
		{0893C563-0FCB-47C8-88A9-3E49A169C74B}.Debug|x86.Build.0 = Debug|x86
		{0893C563-0FCB-47C8-88A9-3E49A169C74B}.Debug|x86.Deploy.0 = Debug|x86
		{0893C563-0FCB-47C8-88A9-3E49A169C74B}.Release|Any CPU.ActiveCfg = Release|x86
		{0893C563-0FCB-47C8-88A9-3E49A169C74B}.Release|ARM.ActiveCfg = Release|ARM
		{0893C563-0FCB-47C8-88A9-3E49A169C74B}.Release|ARM.Build.0 = Release|ARM
		{0893C563-0FCB-47C8-88A9-3E49A169C74B}.Release|ARM.Deploy.0 = Release|ARM
		{0893C563-0FCB-47C8-88A9-3E49A169C74B}.Release|iPhone.ActiveCfg = Release|x86
		{0893C563-0FCB-47C8-88A9-3E49A169C74B}.Release|iPhoneSimulator.ActiveCfg = Release|x86
		{0893C563-0FCB-47C8-88A9-3E49A169C74B}.Release|x64.ActiveCfg = Release|x64
		{0893C563-0FCB-47C8-88A9-3E49A169C74B}.Release|x64.Build.0 = Release|x64
		{0893C563-0FCB-47C8-88A9-3E49A169C74B}.Release|x64.Deploy.0 = Release|x64
		{0893C563-0FCB-47C8-88A9-3E49A169C74B}.Release|x86.ActiveCfg = Release|x86
		{0893C563-0FCB-47C8-88A9-3E49A169C74B}.Release|x86.Build.0 = Release|x86
		{0893C563-0FCB-47C8-88A9-3E49A169C74B}.Release|x86.Deploy.0 = Release|x86
	EndGlobalSection
	GlobalSection(SolutionProperties) = preSolution
		HideSolutionNode = FALSE
	EndGlobalSection
	GlobalSection(NestedProjects) = preSolution
		{999D63B8-79BB-4D53-AE0C-B7E7B1785CCA} = {168F3CAC-EEE4-4001-BA33-BB01E1D8289D}
		{695259EA-81CA-46A3-A154-0707CB8EC139} = {168F3CAC-EEE4-4001-BA33-BB01E1D8289D}
		{16ACA8C6-4668-400E-89A7-4D5D1B010BC7} = {168F3CAC-EEE4-4001-BA33-BB01E1D8289D}
		{0893C563-0FCB-47C8-88A9-3E49A169C74B} = {168F3CAC-EEE4-4001-BA33-BB01E1D8289D}
	EndGlobalSection
	GlobalSection(ExtensibilityGlobals) = postSolution
		SolutionGuid = {FFC5C9EE-7FFB-4463-B6FD-FE88E43C0C2E}
	EndGlobalSection
EndGlobal
